
Microsoft Visual Studio Solution File, Format Version 11.00
# Visual Studio 2010
Project("{FAE04EC0-301F-11D3-BF4B-00C04F79EFBC}") = "EightBall", "EightBall\EightBall.csproj", "{1ABCEF93-E386-4832-BA22-2A1BA6DAFCAD}"
EndProject
Project("{FAE04EC0-301F-11D3-BF4B-00C04F79EFBC}") = "EightBallWeb", "EightBallWeb\EightBallWeb.csproj", "{D81899FA-F0D7-4736-8B41-C54EB34A6922}"
EndProject
Project("{FAE04EC0-301F-11D3-BF4B-00C04F79EFBC}") = "GridSplitterDemo", "GridSplitterDemo\GridSplitterDemo.csproj", "{5404A95B-AA07-4C03-96DA-1C271A9D2D52}"
EndProject
Project("{FAE04EC0-301F-11D3-BF4B-00C04F79EFBC}") = "GridSharedSizeGroupDemo", "GridSharedSizeGroupDemo\GridSharedSizeGroupDemo.csproj", "{97557AFF-0CB8-42DA-B59E-1243007734A1}"
EndProject
Project("{FAE04EC0-301F-11D3-BF4B-00C04F79EFBC}") = "VisibilityDemo", "VisibilityDemo\VisibilityDemo.csproj", "{AF038DB9-38C3-49FF-9219-0CBBBB8D779E}"
EndProject
Project("{FAE04EC0-301F-11D3-BF4B-00C04F79EFBC}") = "ScrollDemo", "ScrollDemo\ScrollDemo.csproj", "{2735E20B-31D0-40B6-9554-563CDB0DF380}"
EndProject
Project("{FAE04EC0-301F-11D3-BF4B-00C04F79EFBC}") = "ExpanderDemo", "ExpanderDemo\ExpanderDemo.csproj", "{ACA20C51-C63B-461A-8AB8-4FEF4C5F1C14}"
EndProject
Project("{FAE04EC0-301F-11D3-BF4B-00C04F79EFBC}") = "BorderDemo", "BorderDemo\BorderDemo.csproj", "{3B230DB7-BF30-43A1-B026-210F10B4D330}"
EndProject
Global
	GlobalSection(SolutionConfigurationPlatforms) = preSolution
		Debug|x86 = Debug|x86
		Release|x86 = Release|x86
	EndGlobalSection
	GlobalSection(ProjectConfigurationPlatforms) = postSolution
		{1ABCEF93-E386-4832-BA22-2A1BA6DAFCAD}.Debug|x86.ActiveCfg = Debug|x86
		{1ABCEF93-E386-4832-BA22-2A1BA6DAFCAD}.Debug|x86.Build.0 = Debug|x86
		{1ABCEF93-E386-4832-BA22-2A1BA6DAFCAD}.Release|x86.ActiveCfg = Release|x86
		{1ABCEF93-E386-4832-BA22-2A1BA6DAFCAD}.Release|x86.Build.0 = Release|x86
		{D81899FA-F0D7-4736-8B41-C54EB34A6922}.Debug|x86.ActiveCfg = Debug|x86
		{D81899FA-F0D7-4736-8B41-C54EB34A6922}.Debug|x86.Build.0 = Debug|x86
		{D81899FA-F0D7-4736-8B41-C54EB34A6922}.Release|x86.ActiveCfg = Release|x86
		{D81899FA-F0D7-4736-8B41-C54EB34A6922}.Release|x86.Build.0 = Release|x86
		{5404A95B-AA07-4C03-96DA-1C271A9D2D52}.Debug|x86.ActiveCfg = Debug|x86
		{5404A95B-AA07-4C03-96DA-1C271A9D2D52}.Debug|x86.Build.0 = Debug|x86
		{5404A95B-AA07-4C03-96DA-1C271A9D2D52}.Release|x86.ActiveCfg = Release|x86
		{5404A95B-AA07-4C03-96DA-1C271A9D2D52}.Release|x86.Build.0 = Release|x86
		{97557AFF-0CB8-42DA-B59E-1243007734A1}.Debug|x86.ActiveCfg = Debug|x86
		{97557AFF-0CB8-42DA-B59E-1243007734A1}.Debug|x86.Build.0 = Debug|x86
		{97557AFF-0CB8-42DA-B59E-1243007734A1}.Release|x86.ActiveCfg = Release|x86
		{97557AFF-0CB8-42DA-B59E-1243007734A1}.Release|x86.Build.0 = Release|x86
		{AF038DB9-38C3-49FF-9219-0CBBBB8D779E}.Debug|x86.ActiveCfg = Debug|x86
		{AF038DB9-38C3-49FF-9219-0CBBBB8D779E}.Debug|x86.Build.0 = Debug|x86
		{AF038DB9-38C3-49FF-9219-0CBBBB8D779E}.Release|x86.ActiveCfg = Release|x86
		{AF038DB9-38C3-49FF-9219-0CBBBB8D779E}.Release|x86.Build.0 = Release|x86
		{2735E20B-31D0-40B6-9554-563CDB0DF380}.Debug|x86.ActiveCfg = Debug|x86
		{2735E20B-31D0-40B6-9554-563CDB0DF380}.Debug|x86.Build.0 = Debug|x86
		{2735E20B-31D0-40B6-9554-563CDB0DF380}.Release|x86.ActiveCfg = Release|x86
		{2735E20B-31D0-40B6-9554-563CDB0DF380}.Release|x86.Build.0 = Release|x86
		{ACA20C51-C63B-461A-8AB8-4FEF4C5F1C14}.Debug|x86.ActiveCfg = Debug|x86
		{ACA20C51-C63B-461A-8AB8-4FEF4C5F1C14}.Debug|x86.Build.0 = Debug|x86
		{ACA20C51-C63B-461A-8AB8-4FEF4C5F1C14}.Release|x86.ActiveCfg = Release|x86
		{ACA20C51-C63B-461A-8AB8-4FEF4C5F1C14}.Release|x86.Build.0 = Release|x86
		{3B230DB7-BF30-43A1-B026-210F10B4D330}.Debug|x86.ActiveCfg = Debug|x86
		{3B230DB7-BF30-43A1-B026-210F10B4D330}.Debug|x86.Build.0 = Debug|x86
		{3B230DB7-BF30-43A1-B026-210F10B4D330}.Release|x86.ActiveCfg = Release|x86
		{3B230DB7-BF30-43A1-B026-210F10B4D330}.Release|x86.Build.0 = Release|x86
	EndGlobalSection
	GlobalSection(SolutionProperties) = preSolution
		HideSolutionNode = FALSE
	EndGlobalSection
EndGlobal
