
Microsoft Visual Studio Solution File, Format Version 11.00
# Visual Studio 2010
Project("{FAE04EC0-301F-11D3-BF4B-00C04F79EFBC}") = "EightBall", "EightBall\EightBall.csproj", "{1ABCEF93-E386-4832-BA22-2A1BA6DAFCAD}"
EndProject
Project("{FAE04EC0-301F-11D3-BF4B-00C04F79EFBC}") = "EightBallWeb", "EightBallWeb\EightBallWeb.csproj", "{D81899FA-F0D7-4736-8B41-C54EB34A6922}"
EndProject
Project("{FAE04EC0-301F-11D3-BF4B-00C04F79EFBC}") = "GridSplitterDemo", "GridSplitterDemo\GridSplitterDemo.csproj", "{5404A95B-AA07-4C03-96DA-1C271A9D2D52}"
EndProject
Project("{FAE04EC0-301F-11D3-BF4B-00C04F79EFBC}") = "GridSharedSizeGroupDemo", "GridSharedSizeGroupDemo\GridSharedSizeGroupDemo.csproj", "{97557AFF-0CB8-42DA-B59E-1243007734A1}"
EndProject
Project("{FAE04EC0-301F-11D3-BF4B-00C04F79EFBC}") = "VisibilityDemo", "VisibilityDemo\VisibilityDemo.csproj", "{AF038DB9-38C3-49FF-9219-0CBBBB8D779E}"
EndProject
Project("{FAE04EC0-301F-11D3-BF4B-00C04F79EFBC}") = "ScrollDemo", "ScrollDemo\ScrollDemo.csproj", "{2735E20B-31D0-40B6-9554-563CDB0DF380}"
EndProject
Project("{FAE04EC0-301F-11D3-BF4B-00C04F79EFBC}") = "ExpanderDemo", "ExpanderDemo\ExpanderDemo.csproj", "{ACA20C51-C63B-461A-8AB8-4FEF4C5F1C14}"
EndProject
Project("{FAE04EC0-301F-11D3-BF4B-00C04F79EFBC}") = "BorderDemo", "BorderDemo\BorderDemo.csproj", "{3B230DB7-BF30-43A1-B026-210F10B4D330}"
EndProject
Project("{FAE04EC0-301F-11D3-BF4B-00C04F79EFBC}") = "ViewBoxDemo", "ViewBoxDemo\ViewBoxDemo.csproj", "{BDF3D9FF-5D96-4E29-9657-BE5A4DA68457}"
EndProject
Project("{FAE04EC0-301F-11D3-BF4B-00C04F79EFBC}") = "DependencyPropertyDemo", "DependencyPropertyDemo\DependencyPropertyDemo.csproj", "{F1030AA8-4687-40EA-A564-E9C5AB27465D}"
EndProject
Project("{FAE04EC0-301F-11D3-BF4B-00C04F79EFBC}") = "EventDemo", "EventDemo\EventDemo.csproj", "{A2908810-9500-4F7B-BBBE-2DD06324BFB8}"
EndProject
Project("{FAE04EC0-301F-11D3-BF4B-00C04F79EFBC}") = "EventTenelingDemo", "EventTenelingDemo\EventTenelingDemo.csproj", "{DD3D1871-77F5-411E-8554-E6E0301E6B0D}"
EndProject
Project("{FAE04EC0-301F-11D3-BF4B-00C04F79EFBC}") = "EventKeyboardInputDemo", "EventKeyboardInputDemo\EventKeyboardInputDemo.csproj", "{2843A062-3AAB-4EC5-A562-CA70B9391CF6}"
EndProject
Project("{FAE04EC0-301F-11D3-BF4B-00C04F79EFBC}") = "EventMouseDemo", "EventMouseDemo\EventMouseDemo.csproj", "{EEE878DA-FB75-4630-935F-3FDCE7E3A307}"
EndProject
Project("{FAE04EC0-301F-11D3-BF4B-00C04F79EFBC}") = "EventDragDropDemo", "EventDragDropDemo\EventDragDropDemo.csproj", "{D62F61BF-6857-4EDA-A16C-13DEFDFBC932}"
EndProject
Project("{FAE04EC0-301F-11D3-BF4B-00C04F79EFBC}") = "ControlOpacityDemo", "ControlOpacityDemo\ControlOpacityDemo.csproj", "{EE7339DF-99F8-46C6-9647-D462EA27C91E}"
EndProject
Project("{FAE04EC0-301F-11D3-BF4B-00C04F79EFBC}") = "CursorDemo", "CursorDemo\CursorDemo.csproj", "{6D211600-AA5E-4DCE-82AA-D7DB2BE39977}"
EndProject
Project("{2150E333-8FDC-42A3-9474-1A3956D46DE8}") = "06장 의존속성과 라우티드 이벤트", "06장 의존속성과 라우티드 이벤트", "{8A3E81FA-81DD-48D1-A3AF-7FF549A10D18}"
EndProject
Project("{2150E333-8FDC-42A3-9474-1A3956D46DE8}") = "07장 클래식컨트롤", "07장 클래식컨트롤", "{876D3BEB-6A90-4ED1-8AB1-484C2024621E}"
EndProject
Project("{2150E333-8FDC-42A3-9474-1A3956D46DE8}") = "05장 컨텐츠", "05장 컨텐츠", "{D6A88368-2B80-486C-A504-B0FBAD5A84D5}"
EndProject
Project("{2150E333-8FDC-42A3-9474-1A3956D46DE8}") = "04장 레이아웃", "04장 레이아웃", "{AD0AA057-7360-4768-BB78-060AAF99E994}"
EndProject
Project("{FAE04EC0-301F-11D3-BF4B-00C04F79EFBC}") = "LabelDemo", "LabelDemo\LabelDemo.csproj", "{A0B76295-7994-45B0-8294-0AECB3F76E20}"
EndProject
Project("{FAE04EC0-301F-11D3-BF4B-00C04F79EFBC}") = "ButtonDemo", "ButtonDemo\ButtonDemo.csproj", "{04646635-B7EA-485E-B525-1EF0D44FC329}"
EndProject
Project("{FAE04EC0-301F-11D3-BF4B-00C04F79EFBC}") = "ToolTipDemo", "ToolTipDemo\ToolTipDemo.csproj", "{4CA610BD-1D1A-4F1D-886B-628689E9A20E}"
EndProject
Project("{FAE04EC0-301F-11D3-BF4B-00C04F79EFBC}") = "PopupDemo", "PopupDemo\PopupDemo.csproj", "{6A0A95F8-ECCA-426D-899C-5675A216FCF2}"
EndProject
Project("{FAE04EC0-301F-11D3-BF4B-00C04F79EFBC}") = "ListBoxDemo", "ListBoxDemo\ListBoxDemo.csproj", "{C5091AA9-2504-4E8A-9A92-4E5161FA32FE}"
EndProject
Project("{2150E333-8FDC-42A3-9474-1A3956D46DE8}") = "02장 XAML", "02장 XAML", "{6F1492EA-66D0-4EE7-8C12-BDFE6BC4CCEE}"
EndProject
Project("{2150E333-8FDC-42A3-9474-1A3956D46DE8}") = "08장 윈도우", "08장 윈도우", "{2BA6EB6A-86F4-457A-BA1D-4936B630B231}"
EndProject
Project("{FAE04EC0-301F-11D3-BF4B-00C04F79EFBC}") = "WindowDemo", "WindowDemo\WindowDemo.csproj", "{70FFF42D-E6B2-482A-972D-8B0848AAB438}"
EndProject
Project("{FAE04EC0-301F-11D3-BF4B-00C04F79EFBC}") = "WindowsCommucation", "WindowsCommucation\WindowsCommucation.csproj", "{B59AB77B-62D4-4669-A36F-A794D1EA1D61}"
EndProject
Project("{2150E333-8FDC-42A3-9474-1A3956D46DE8}") = "비직사각형 윈도우 274page", "비직사각형 윈도우 274page", "{CF3C323A-D920-4168-BF0D-C030ADE8CC68}"
EndProject
Project("{2150E333-8FDC-42A3-9474-1A3956D46DE8}") = "윈도우비스타 스타일 윈도우 281page", "윈도우비스타 스타일 윈도우 281page", "{4A66711B-D1FC-450D-A245-722542CA32E0}"
EndProject
Project("{2150E333-8FDC-42A3-9474-1A3956D46DE8}") = "09장 Page와 Navigation", "09장 Page와 Navigation", "{26240E4E-BA42-4C69-ACEB-72F39784008A}"
EndProject
Project("{FAE04EC0-301F-11D3-BF4B-00C04F79EFBC}") = "NavigationWindow", "NavigationWindow\NavigationWindow.csproj", "{38EF353B-1152-455E-A4F4-A9766D7A7061}"
EndProject
Project("{FAE04EC0-301F-11D3-BF4B-00C04F79EFBC}") = "PageHosting", "PageHosting\PageHosting.csproj", "{0B992ADD-15F4-4D9F-8C61-916084427B62}"
EndProject
Project("{FAE04EC0-301F-11D3-BF4B-00C04F79EFBC}") = "EmbeddedPage", "EmbeddedPage\EmbeddedPage.csproj", "{70F193E5-CD56-487F-8C78-837E8FC4C7DC}"
EndProject
Project("{2150E333-8FDC-42A3-9474-1A3956D46DE8}") = "커스텀 프로퍼티 유지하기 306page", "커스텀 프로퍼티 유지하기 306page", "{62D52B3E-9850-483B-BD11-80770FD21E81}"
EndProject
Project("{2150E333-8FDC-42A3-9474-1A3956D46DE8}") = "네비게이션 히스토리 304page", "네비게이션 히스토리 304page", "{8CE27E74-1993-4BE6-A483-DB1E71A51CFD}"
EndProject
Project("{2150E333-8FDC-42A3-9474-1A3956D46DE8}") = "저널 관리하기 310page", "저널 관리하기 310page", "{B0CB9DD8-36D2-4BF3-BBAE-E7881BD41302}"
EndProject
Project("{2150E333-8FDC-42A3-9474-1A3956D46DE8}") = "페이지 함수 318page", "페이지 함수 318page", "{60B8EFF3-88DE-4B83-918F-8AEAA150F867}"
EndProject
Project("{2150E333-8FDC-42A3-9474-1A3956D46DE8}") = "브라우저 응용프로그램 Xbap 321page", "브라우저 응용프로그램 Xbap 321page", "{EB581623-B759-4264-90B1-47D1B4DDF72C}"
EndProject
Project("{2150E333-8FDC-42A3-9474-1A3956D46DE8}") = "10장 명령(command)", "10장 명령(command)", "{BC2F2101-7449-4736-B231-6765F4B1881C}"
EndProject
Project("{FAE04EC0-301F-11D3-BF4B-00C04F79EFBC}") = "NewCommand", "NewCommand\NewCommand.csproj", "{B4D151F3-DFFB-4AAA-B4E4-8A3FC8F2EDF5}"
EndProject
Project("{FAE04EC0-301F-11D3-BF4B-00C04F79EFBC}") = "NewCommand2", "NewCommand2\NewCommand2.csproj", "{A27BE0EC-F8C2-40FE-B507-EA538A3895A7}"
EndProject
Project("{FAE04EC0-301F-11D3-BF4B-00C04F79EFBC}") = "NewCommandForMenu", "NewCommandForMenu\NewCommandForMenu.csproj", "{78E02DBF-321F-4BFF-8B0F-DB0527B0693A}"
EndProject
Project("{FAE04EC0-301F-11D3-BF4B-00C04F79EFBC}") = "CommandDiable", "CommandDiable\CommandDiable.csproj", "{70718284-4EA4-4E50-9126-88304C81C61E}"
EndProject
Project("{2150E333-8FDC-42A3-9474-1A3956D46DE8}") = "고급명령 356page", "고급명령 356page", "{407B61E5-4A9D-4DD3-A68C-72DECF8C72D3}"
EndProject
Project("{2150E333-8FDC-42A3-9474-1A3956D46DE8}") = "11장 리소스", "11장 리소스", "{0093A54B-F856-43F9-BCFC-DC7C0AFE1D49}"
EndProject
Project("{FAE04EC0-301F-11D3-BF4B-00C04F79EFBC}") = "AssemblyResourceDemo", "AssemblyResourceDemo\AssemblyResourceDemo.csproj", "{BB02F9D9-0238-45D5-BE23-4D019D899F0F}"
EndProject
Project("{2150E333-8FDC-42A3-9474-1A3956D46DE8}") = "다른 어셈블리에 있는 리소스 374page", "다른 어셈블리에 있는 리소스 374page", "{63E03D8C-5078-4760-A68A-FA7531C1E87F}"
EndProject
Project("{FAE04EC0-301F-11D3-BF4B-00C04F79EFBC}") = "ContentFileForWav", "ContentFileForWav\ContentFileForWav.csproj", "{AAA62FFF-E5BC-49D1-B178-A23CA7C416D6}"
EndProject
Project("{2150E333-8FDC-42A3-9474-1A3956D46DE8}") = "지역화 376page", "지역화 376page", "{1E942617-08EA-4E71-A94F-E1B8AEE021B4}"
EndProject
Project("{FAE04EC0-301F-11D3-BF4B-00C04F79EFBC}") = "ObjectResource", "ObjectResource\ObjectResource.csproj", "{2129FFEB-2B59-4F27-AB9D-35B3B0F57DF9}"
EndProject
Project("{FAE04EC0-301F-11D3-BF4B-00C04F79EFBC}") = "StaticVsDynamic", "StaticVsDynamic\StaticVsDynamic.csproj", "{0D8F9315-2DB2-4C83-B976-CF7287368502}"
EndProject
Global
	GlobalSection(SolutionConfigurationPlatforms) = preSolution
		Debug|x86 = Debug|x86
		Release|x86 = Release|x86
	EndGlobalSection
	GlobalSection(ProjectConfigurationPlatforms) = postSolution
		{1ABCEF93-E386-4832-BA22-2A1BA6DAFCAD}.Debug|x86.ActiveCfg = Debug|x86
		{1ABCEF93-E386-4832-BA22-2A1BA6DAFCAD}.Debug|x86.Build.0 = Debug|x86
		{1ABCEF93-E386-4832-BA22-2A1BA6DAFCAD}.Release|x86.ActiveCfg = Release|x86
		{1ABCEF93-E386-4832-BA22-2A1BA6DAFCAD}.Release|x86.Build.0 = Release|x86
		{D81899FA-F0D7-4736-8B41-C54EB34A6922}.Debug|x86.ActiveCfg = Debug|x86
		{D81899FA-F0D7-4736-8B41-C54EB34A6922}.Debug|x86.Build.0 = Debug|x86
		{D81899FA-F0D7-4736-8B41-C54EB34A6922}.Release|x86.ActiveCfg = Release|x86
		{D81899FA-F0D7-4736-8B41-C54EB34A6922}.Release|x86.Build.0 = Release|x86
		{5404A95B-AA07-4C03-96DA-1C271A9D2D52}.Debug|x86.ActiveCfg = Debug|x86
		{5404A95B-AA07-4C03-96DA-1C271A9D2D52}.Debug|x86.Build.0 = Debug|x86
		{5404A95B-AA07-4C03-96DA-1C271A9D2D52}.Release|x86.ActiveCfg = Release|x86
		{5404A95B-AA07-4C03-96DA-1C271A9D2D52}.Release|x86.Build.0 = Release|x86
		{97557AFF-0CB8-42DA-B59E-1243007734A1}.Debug|x86.ActiveCfg = Debug|x86
		{97557AFF-0CB8-42DA-B59E-1243007734A1}.Debug|x86.Build.0 = Debug|x86
		{97557AFF-0CB8-42DA-B59E-1243007734A1}.Release|x86.ActiveCfg = Release|x86
		{97557AFF-0CB8-42DA-B59E-1243007734A1}.Release|x86.Build.0 = Release|x86
		{AF038DB9-38C3-49FF-9219-0CBBBB8D779E}.Debug|x86.ActiveCfg = Debug|x86
		{AF038DB9-38C3-49FF-9219-0CBBBB8D779E}.Debug|x86.Build.0 = Debug|x86
		{AF038DB9-38C3-49FF-9219-0CBBBB8D779E}.Release|x86.ActiveCfg = Release|x86
		{AF038DB9-38C3-49FF-9219-0CBBBB8D779E}.Release|x86.Build.0 = Release|x86
		{2735E20B-31D0-40B6-9554-563CDB0DF380}.Debug|x86.ActiveCfg = Debug|x86
		{2735E20B-31D0-40B6-9554-563CDB0DF380}.Debug|x86.Build.0 = Debug|x86
		{2735E20B-31D0-40B6-9554-563CDB0DF380}.Release|x86.ActiveCfg = Release|x86
		{2735E20B-31D0-40B6-9554-563CDB0DF380}.Release|x86.Build.0 = Release|x86
		{ACA20C51-C63B-461A-8AB8-4FEF4C5F1C14}.Debug|x86.ActiveCfg = Debug|x86
		{ACA20C51-C63B-461A-8AB8-4FEF4C5F1C14}.Debug|x86.Build.0 = Debug|x86
		{ACA20C51-C63B-461A-8AB8-4FEF4C5F1C14}.Release|x86.ActiveCfg = Release|x86
		{ACA20C51-C63B-461A-8AB8-4FEF4C5F1C14}.Release|x86.Build.0 = Release|x86
		{3B230DB7-BF30-43A1-B026-210F10B4D330}.Debug|x86.ActiveCfg = Debug|x86
		{3B230DB7-BF30-43A1-B026-210F10B4D330}.Debug|x86.Build.0 = Debug|x86
		{3B230DB7-BF30-43A1-B026-210F10B4D330}.Release|x86.ActiveCfg = Release|x86
		{3B230DB7-BF30-43A1-B026-210F10B4D330}.Release|x86.Build.0 = Release|x86
		{BDF3D9FF-5D96-4E29-9657-BE5A4DA68457}.Debug|x86.ActiveCfg = Debug|x86
		{BDF3D9FF-5D96-4E29-9657-BE5A4DA68457}.Debug|x86.Build.0 = Debug|x86
		{BDF3D9FF-5D96-4E29-9657-BE5A4DA68457}.Release|x86.ActiveCfg = Release|x86
		{BDF3D9FF-5D96-4E29-9657-BE5A4DA68457}.Release|x86.Build.0 = Release|x86
		{F1030AA8-4687-40EA-A564-E9C5AB27465D}.Debug|x86.ActiveCfg = Debug|x86
		{F1030AA8-4687-40EA-A564-E9C5AB27465D}.Debug|x86.Build.0 = Debug|x86
		{F1030AA8-4687-40EA-A564-E9C5AB27465D}.Release|x86.ActiveCfg = Release|x86
		{F1030AA8-4687-40EA-A564-E9C5AB27465D}.Release|x86.Build.0 = Release|x86
		{A2908810-9500-4F7B-BBBE-2DD06324BFB8}.Debug|x86.ActiveCfg = Debug|x86
		{A2908810-9500-4F7B-BBBE-2DD06324BFB8}.Debug|x86.Build.0 = Debug|x86
		{A2908810-9500-4F7B-BBBE-2DD06324BFB8}.Release|x86.ActiveCfg = Release|x86
		{A2908810-9500-4F7B-BBBE-2DD06324BFB8}.Release|x86.Build.0 = Release|x86
		{DD3D1871-77F5-411E-8554-E6E0301E6B0D}.Debug|x86.ActiveCfg = Debug|x86
		{DD3D1871-77F5-411E-8554-E6E0301E6B0D}.Debug|x86.Build.0 = Debug|x86
		{DD3D1871-77F5-411E-8554-E6E0301E6B0D}.Release|x86.ActiveCfg = Release|x86
		{DD3D1871-77F5-411E-8554-E6E0301E6B0D}.Release|x86.Build.0 = Release|x86
		{2843A062-3AAB-4EC5-A562-CA70B9391CF6}.Debug|x86.ActiveCfg = Debug|x86
		{2843A062-3AAB-4EC5-A562-CA70B9391CF6}.Debug|x86.Build.0 = Debug|x86
		{2843A062-3AAB-4EC5-A562-CA70B9391CF6}.Release|x86.ActiveCfg = Release|x86
		{2843A062-3AAB-4EC5-A562-CA70B9391CF6}.Release|x86.Build.0 = Release|x86
		{EEE878DA-FB75-4630-935F-3FDCE7E3A307}.Debug|x86.ActiveCfg = Debug|x86
		{EEE878DA-FB75-4630-935F-3FDCE7E3A307}.Debug|x86.Build.0 = Debug|x86
		{EEE878DA-FB75-4630-935F-3FDCE7E3A307}.Release|x86.ActiveCfg = Release|x86
		{EEE878DA-FB75-4630-935F-3FDCE7E3A307}.Release|x86.Build.0 = Release|x86
		{D62F61BF-6857-4EDA-A16C-13DEFDFBC932}.Debug|x86.ActiveCfg = Debug|x86
		{D62F61BF-6857-4EDA-A16C-13DEFDFBC932}.Debug|x86.Build.0 = Debug|x86
		{D62F61BF-6857-4EDA-A16C-13DEFDFBC932}.Release|x86.ActiveCfg = Release|x86
		{D62F61BF-6857-4EDA-A16C-13DEFDFBC932}.Release|x86.Build.0 = Release|x86
		{EE7339DF-99F8-46C6-9647-D462EA27C91E}.Debug|x86.ActiveCfg = Debug|x86
		{EE7339DF-99F8-46C6-9647-D462EA27C91E}.Debug|x86.Build.0 = Debug|x86
		{EE7339DF-99F8-46C6-9647-D462EA27C91E}.Release|x86.ActiveCfg = Release|x86
		{EE7339DF-99F8-46C6-9647-D462EA27C91E}.Release|x86.Build.0 = Release|x86
		{6D211600-AA5E-4DCE-82AA-D7DB2BE39977}.Debug|x86.ActiveCfg = Debug|x86
		{6D211600-AA5E-4DCE-82AA-D7DB2BE39977}.Debug|x86.Build.0 = Debug|x86
		{6D211600-AA5E-4DCE-82AA-D7DB2BE39977}.Release|x86.ActiveCfg = Release|x86
		{6D211600-AA5E-4DCE-82AA-D7DB2BE39977}.Release|x86.Build.0 = Release|x86
		{A0B76295-7994-45B0-8294-0AECB3F76E20}.Debug|x86.ActiveCfg = Debug|x86
		{A0B76295-7994-45B0-8294-0AECB3F76E20}.Debug|x86.Build.0 = Debug|x86
		{A0B76295-7994-45B0-8294-0AECB3F76E20}.Release|x86.ActiveCfg = Release|x86
		{A0B76295-7994-45B0-8294-0AECB3F76E20}.Release|x86.Build.0 = Release|x86
		{04646635-B7EA-485E-B525-1EF0D44FC329}.Debug|x86.ActiveCfg = Debug|x86
		{04646635-B7EA-485E-B525-1EF0D44FC329}.Debug|x86.Build.0 = Debug|x86
		{04646635-B7EA-485E-B525-1EF0D44FC329}.Release|x86.ActiveCfg = Release|x86
		{04646635-B7EA-485E-B525-1EF0D44FC329}.Release|x86.Build.0 = Release|x86
		{4CA610BD-1D1A-4F1D-886B-628689E9A20E}.Debug|x86.ActiveCfg = Debug|x86
		{4CA610BD-1D1A-4F1D-886B-628689E9A20E}.Debug|x86.Build.0 = Debug|x86
		{4CA610BD-1D1A-4F1D-886B-628689E9A20E}.Release|x86.ActiveCfg = Release|x86
		{4CA610BD-1D1A-4F1D-886B-628689E9A20E}.Release|x86.Build.0 = Release|x86
		{6A0A95F8-ECCA-426D-899C-5675A216FCF2}.Debug|x86.ActiveCfg = Debug|x86
		{6A0A95F8-ECCA-426D-899C-5675A216FCF2}.Debug|x86.Build.0 = Debug|x86
		{6A0A95F8-ECCA-426D-899C-5675A216FCF2}.Release|x86.ActiveCfg = Release|x86
		{6A0A95F8-ECCA-426D-899C-5675A216FCF2}.Release|x86.Build.0 = Release|x86
		{C5091AA9-2504-4E8A-9A92-4E5161FA32FE}.Debug|x86.ActiveCfg = Debug|x86
		{C5091AA9-2504-4E8A-9A92-4E5161FA32FE}.Debug|x86.Build.0 = Debug|x86
		{C5091AA9-2504-4E8A-9A92-4E5161FA32FE}.Release|x86.ActiveCfg = Release|x86
		{C5091AA9-2504-4E8A-9A92-4E5161FA32FE}.Release|x86.Build.0 = Release|x86
		{70FFF42D-E6B2-482A-972D-8B0848AAB438}.Debug|x86.ActiveCfg = Debug|x86
		{70FFF42D-E6B2-482A-972D-8B0848AAB438}.Debug|x86.Build.0 = Debug|x86
		{70FFF42D-E6B2-482A-972D-8B0848AAB438}.Release|x86.ActiveCfg = Release|x86
		{70FFF42D-E6B2-482A-972D-8B0848AAB438}.Release|x86.Build.0 = Release|x86
		{B59AB77B-62D4-4669-A36F-A794D1EA1D61}.Debug|x86.ActiveCfg = Debug|x86
		{B59AB77B-62D4-4669-A36F-A794D1EA1D61}.Debug|x86.Build.0 = Debug|x86
		{B59AB77B-62D4-4669-A36F-A794D1EA1D61}.Release|x86.ActiveCfg = Release|x86
		{B59AB77B-62D4-4669-A36F-A794D1EA1D61}.Release|x86.Build.0 = Release|x86
		{38EF353B-1152-455E-A4F4-A9766D7A7061}.Debug|x86.ActiveCfg = Debug|x86
		{38EF353B-1152-455E-A4F4-A9766D7A7061}.Debug|x86.Build.0 = Debug|x86
		{38EF353B-1152-455E-A4F4-A9766D7A7061}.Release|x86.ActiveCfg = Release|x86
		{38EF353B-1152-455E-A4F4-A9766D7A7061}.Release|x86.Build.0 = Release|x86
		{0B992ADD-15F4-4D9F-8C61-916084427B62}.Debug|x86.ActiveCfg = Debug|x86
		{0B992ADD-15F4-4D9F-8C61-916084427B62}.Debug|x86.Build.0 = Debug|x86
		{0B992ADD-15F4-4D9F-8C61-916084427B62}.Release|x86.ActiveCfg = Release|x86
		{0B992ADD-15F4-4D9F-8C61-916084427B62}.Release|x86.Build.0 = Release|x86
		{70F193E5-CD56-487F-8C78-837E8FC4C7DC}.Debug|x86.ActiveCfg = Debug|x86
		{70F193E5-CD56-487F-8C78-837E8FC4C7DC}.Debug|x86.Build.0 = Debug|x86
		{70F193E5-CD56-487F-8C78-837E8FC4C7DC}.Release|x86.ActiveCfg = Release|x86
		{70F193E5-CD56-487F-8C78-837E8FC4C7DC}.Release|x86.Build.0 = Release|x86
		{B4D151F3-DFFB-4AAA-B4E4-8A3FC8F2EDF5}.Debug|x86.ActiveCfg = Debug|x86
		{B4D151F3-DFFB-4AAA-B4E4-8A3FC8F2EDF5}.Debug|x86.Build.0 = Debug|x86
		{B4D151F3-DFFB-4AAA-B4E4-8A3FC8F2EDF5}.Release|x86.ActiveCfg = Release|x86
		{B4D151F3-DFFB-4AAA-B4E4-8A3FC8F2EDF5}.Release|x86.Build.0 = Release|x86
		{A27BE0EC-F8C2-40FE-B507-EA538A3895A7}.Debug|x86.ActiveCfg = Debug|x86
		{A27BE0EC-F8C2-40FE-B507-EA538A3895A7}.Debug|x86.Build.0 = Debug|x86
		{A27BE0EC-F8C2-40FE-B507-EA538A3895A7}.Release|x86.ActiveCfg = Release|x86
		{A27BE0EC-F8C2-40FE-B507-EA538A3895A7}.Release|x86.Build.0 = Release|x86
		{78E02DBF-321F-4BFF-8B0F-DB0527B0693A}.Debug|x86.ActiveCfg = Debug|x86
		{78E02DBF-321F-4BFF-8B0F-DB0527B0693A}.Debug|x86.Build.0 = Debug|x86
		{78E02DBF-321F-4BFF-8B0F-DB0527B0693A}.Release|x86.ActiveCfg = Release|x86
		{78E02DBF-321F-4BFF-8B0F-DB0527B0693A}.Release|x86.Build.0 = Release|x86
		{70718284-4EA4-4E50-9126-88304C81C61E}.Debug|x86.ActiveCfg = Debug|x86
		{70718284-4EA4-4E50-9126-88304C81C61E}.Debug|x86.Build.0 = Debug|x86
		{70718284-4EA4-4E50-9126-88304C81C61E}.Release|x86.ActiveCfg = Release|x86
		{70718284-4EA4-4E50-9126-88304C81C61E}.Release|x86.Build.0 = Release|x86
		{BB02F9D9-0238-45D5-BE23-4D019D899F0F}.Debug|x86.ActiveCfg = Debug|x86
		{BB02F9D9-0238-45D5-BE23-4D019D899F0F}.Debug|x86.Build.0 = Debug|x86
		{BB02F9D9-0238-45D5-BE23-4D019D899F0F}.Release|x86.ActiveCfg = Release|x86
		{BB02F9D9-0238-45D5-BE23-4D019D899F0F}.Release|x86.Build.0 = Release|x86
		{AAA62FFF-E5BC-49D1-B178-A23CA7C416D6}.Debug|x86.ActiveCfg = Debug|x86
		{AAA62FFF-E5BC-49D1-B178-A23CA7C416D6}.Debug|x86.Build.0 = Debug|x86
		{AAA62FFF-E5BC-49D1-B178-A23CA7C416D6}.Release|x86.ActiveCfg = Release|x86
		{AAA62FFF-E5BC-49D1-B178-A23CA7C416D6}.Release|x86.Build.0 = Release|x86
		{2129FFEB-2B59-4F27-AB9D-35B3B0F57DF9}.Debug|x86.ActiveCfg = Debug|x86
		{2129FFEB-2B59-4F27-AB9D-35B3B0F57DF9}.Debug|x86.Build.0 = Debug|x86
		{2129FFEB-2B59-4F27-AB9D-35B3B0F57DF9}.Release|x86.ActiveCfg = Release|x86
		{2129FFEB-2B59-4F27-AB9D-35B3B0F57DF9}.Release|x86.Build.0 = Release|x86
		{0D8F9315-2DB2-4C83-B976-CF7287368502}.Debug|x86.ActiveCfg = Debug|x86
		{0D8F9315-2DB2-4C83-B976-CF7287368502}.Debug|x86.Build.0 = Debug|x86
		{0D8F9315-2DB2-4C83-B976-CF7287368502}.Release|x86.ActiveCfg = Release|x86
		{0D8F9315-2DB2-4C83-B976-CF7287368502}.Release|x86.Build.0 = Release|x86
	EndGlobalSection
	GlobalSection(SolutionProperties) = preSolution
		HideSolutionNode = FALSE
	EndGlobalSection
	GlobalSection(NestedProjects) = preSolution
		{D81899FA-F0D7-4736-8B41-C54EB34A6922} = {6F1492EA-66D0-4EE7-8C12-BDFE6BC4CCEE}
		{1ABCEF93-E386-4832-BA22-2A1BA6DAFCAD} = {6F1492EA-66D0-4EE7-8C12-BDFE6BC4CCEE}
		{97557AFF-0CB8-42DA-B59E-1243007734A1} = {AD0AA057-7360-4768-BB78-060AAF99E994}
		{AF038DB9-38C3-49FF-9219-0CBBBB8D779E} = {AD0AA057-7360-4768-BB78-060AAF99E994}
		{5404A95B-AA07-4C03-96DA-1C271A9D2D52} = {AD0AA057-7360-4768-BB78-060AAF99E994}
		{ACA20C51-C63B-461A-8AB8-4FEF4C5F1C14} = {D6A88368-2B80-486C-A504-B0FBAD5A84D5}
		{3B230DB7-BF30-43A1-B026-210F10B4D330} = {D6A88368-2B80-486C-A504-B0FBAD5A84D5}
		{BDF3D9FF-5D96-4E29-9657-BE5A4DA68457} = {D6A88368-2B80-486C-A504-B0FBAD5A84D5}
		{2735E20B-31D0-40B6-9554-563CDB0DF380} = {D6A88368-2B80-486C-A504-B0FBAD5A84D5}
		{A2908810-9500-4F7B-BBBE-2DD06324BFB8} = {8A3E81FA-81DD-48D1-A3AF-7FF549A10D18}
		{DD3D1871-77F5-411E-8554-E6E0301E6B0D} = {8A3E81FA-81DD-48D1-A3AF-7FF549A10D18}
		{2843A062-3AAB-4EC5-A562-CA70B9391CF6} = {8A3E81FA-81DD-48D1-A3AF-7FF549A10D18}
		{EEE878DA-FB75-4630-935F-3FDCE7E3A307} = {8A3E81FA-81DD-48D1-A3AF-7FF549A10D18}
		{D62F61BF-6857-4EDA-A16C-13DEFDFBC932} = {8A3E81FA-81DD-48D1-A3AF-7FF549A10D18}
		{F1030AA8-4687-40EA-A564-E9C5AB27465D} = {8A3E81FA-81DD-48D1-A3AF-7FF549A10D18}
		{6D211600-AA5E-4DCE-82AA-D7DB2BE39977} = {876D3BEB-6A90-4ED1-8AB1-484C2024621E}
		{EE7339DF-99F8-46C6-9647-D462EA27C91E} = {876D3BEB-6A90-4ED1-8AB1-484C2024621E}
		{A0B76295-7994-45B0-8294-0AECB3F76E20} = {876D3BEB-6A90-4ED1-8AB1-484C2024621E}
		{04646635-B7EA-485E-B525-1EF0D44FC329} = {876D3BEB-6A90-4ED1-8AB1-484C2024621E}
		{4CA610BD-1D1A-4F1D-886B-628689E9A20E} = {876D3BEB-6A90-4ED1-8AB1-484C2024621E}
		{6A0A95F8-ECCA-426D-899C-5675A216FCF2} = {876D3BEB-6A90-4ED1-8AB1-484C2024621E}
		{C5091AA9-2504-4E8A-9A92-4E5161FA32FE} = {876D3BEB-6A90-4ED1-8AB1-484C2024621E}
		{70FFF42D-E6B2-482A-972D-8B0848AAB438} = {2BA6EB6A-86F4-457A-BA1D-4936B630B231}
		{B59AB77B-62D4-4669-A36F-A794D1EA1D61} = {2BA6EB6A-86F4-457A-BA1D-4936B630B231}
		{CF3C323A-D920-4168-BF0D-C030ADE8CC68} = {2BA6EB6A-86F4-457A-BA1D-4936B630B231}
		{4A66711B-D1FC-450D-A245-722542CA32E0} = {2BA6EB6A-86F4-457A-BA1D-4936B630B231}
		{38EF353B-1152-455E-A4F4-A9766D7A7061} = {26240E4E-BA42-4C69-ACEB-72F39784008A}
		{0B992ADD-15F4-4D9F-8C61-916084427B62} = {26240E4E-BA42-4C69-ACEB-72F39784008A}
		{70F193E5-CD56-487F-8C78-837E8FC4C7DC} = {26240E4E-BA42-4C69-ACEB-72F39784008A}
		{62D52B3E-9850-483B-BD11-80770FD21E81} = {26240E4E-BA42-4C69-ACEB-72F39784008A}
		{8CE27E74-1993-4BE6-A483-DB1E71A51CFD} = {26240E4E-BA42-4C69-ACEB-72F39784008A}
		{B0CB9DD8-36D2-4BF3-BBAE-E7881BD41302} = {26240E4E-BA42-4C69-ACEB-72F39784008A}
		{60B8EFF3-88DE-4B83-918F-8AEAA150F867} = {26240E4E-BA42-4C69-ACEB-72F39784008A}
		{EB581623-B759-4264-90B1-47D1B4DDF72C} = {26240E4E-BA42-4C69-ACEB-72F39784008A}
		{B4D151F3-DFFB-4AAA-B4E4-8A3FC8F2EDF5} = {BC2F2101-7449-4736-B231-6765F4B1881C}
		{A27BE0EC-F8C2-40FE-B507-EA538A3895A7} = {BC2F2101-7449-4736-B231-6765F4B1881C}
		{78E02DBF-321F-4BFF-8B0F-DB0527B0693A} = {BC2F2101-7449-4736-B231-6765F4B1881C}
		{70718284-4EA4-4E50-9126-88304C81C61E} = {BC2F2101-7449-4736-B231-6765F4B1881C}
		{407B61E5-4A9D-4DD3-A68C-72DECF8C72D3} = {BC2F2101-7449-4736-B231-6765F4B1881C}
		{BB02F9D9-0238-45D5-BE23-4D019D899F0F} = {0093A54B-F856-43F9-BCFC-DC7C0AFE1D49}
		{63E03D8C-5078-4760-A68A-FA7531C1E87F} = {0093A54B-F856-43F9-BCFC-DC7C0AFE1D49}
		{AAA62FFF-E5BC-49D1-B178-A23CA7C416D6} = {0093A54B-F856-43F9-BCFC-DC7C0AFE1D49}
		{1E942617-08EA-4E71-A94F-E1B8AEE021B4} = {0093A54B-F856-43F9-BCFC-DC7C0AFE1D49}
		{2129FFEB-2B59-4F27-AB9D-35B3B0F57DF9} = {0093A54B-F856-43F9-BCFC-DC7C0AFE1D49}
		{0D8F9315-2DB2-4C83-B976-CF7287368502} = {0093A54B-F856-43F9-BCFC-DC7C0AFE1D49}
	EndGlobalSection
EndGlobal
